
Microsoft Visual Studio Solution File, Format Version 12.00
# Visual Studio Version 16
VisualStudioVersion = 16.0.31205.134
MinimumVisualStudioVersion = 10.0.40219.1
Project("{F184B08F-C81C-45F6-A57F-5ABD9991F28F}") = "hesapla.dll", "hesapla.dll\hesapla.dll.vbproj", "{945E6DF9-8D9E-4574-93DB-24811457B6DF}"
EndProject
Global
	GlobalSection(SolutionConfigurationPlatforms) = preSolution
		Debug|Any CPU = Debug|Any CPU
		Release|Any CPU = Release|Any CPU
	EndGlobalSection
	GlobalSection(ProjectConfigurationPlatforms) = postSolution
		{945E6DF9-8D9E-4574-93DB-24811457B6DF}.Debug|Any CPU.ActiveCfg = Debug|Any CPU
		{945E6DF9-8D9E-4574-93DB-24811457B6DF}.Debug|Any CPU.Build.0 = Debug|Any CPU
		{945E6DF9-8D9E-4574-93DB-24811457B6DF}.Release|Any CPU.ActiveCfg = Release|Any CPU
		{945E6DF9-8D9E-4574-93DB-24811457B6DF}.Release|Any CPU.Build.0 = Release|Any CPU
	EndGlobalSection
	GlobalSection(SolutionProperties) = preSolution
		HideSolutionNode = FALSE
	EndGlobalSection
	GlobalSection(ExtensibilityGlobals) = postSolution
		SolutionGuid = {BB7F803E-C02C-4F0F-915B-B5485521535D}
	EndGlobalSection
EndGlobal
